// !$*UTF8*$!
{
	archiveVersion = 1;
	classes = {
	};
	objectVersion = 46;
	objects = {

/* Begin PBXBuildFile section */
		913B819D1C58D53600E9520F /* Picker.swift in Sources */ = {isa = PBXBuildFile; fileRef = 913B819C1C58D53600E9520F /* Picker.swift */; };
		913B81A01C58D57200E9520F /* Picker.xib in Resources */ = {isa = PBXBuildFile; fileRef = 913B819F1C58D57200E9520F /* Picker.xib */; };
		913B81A21C58D7C300E9520F /* ScrollerNumbers.swift in Sources */ = {isa = PBXBuildFile; fileRef = 913B81A11C58D7C300E9520F /* ScrollerNumbers.swift */; };
		91EB54101C41D00B005861EB /* AppDelegate.swift in Sources */ = {isa = PBXBuildFile; fileRef = 91EB540F1C41D00B005861EB /* AppDelegate.swift */; };
		91EB54121C41D00B005861EB /* ViewController.swift in Sources */ = {isa = PBXBuildFile; fileRef = 91EB54111C41D00B005861EB /* ViewController.swift */; };
		91EB54151C41D00B005861EB /* Main.storyboard in Resources */ = {isa = PBXBuildFile; fileRef = 91EB54131C41D00B005861EB /* Main.storyboard */; };
		91EB54171C41D00B005861EB /* Assets.xcassets in Resources */ = {isa = PBXBuildFile; fileRef = 91EB54161C41D00B005861EB /* Assets.xcassets */; };
		91EB541A1C41D00B005861EB /* LaunchScreen.storyboard in Resources */ = {isa = PBXBuildFile; fileRef = 91EB54181C41D00B005861EB /* LaunchScreen.storyboard */; };
		91EB54221C41D0C5005861EB /* ScrollDatePicker.swift in Sources */ = {isa = PBXBuildFile; fileRef = 91EB54211C41D0C5005861EB /* ScrollDatePicker.swift */; };
/* End PBXBuildFile section */

/* Begin PBXFileReference section */
		913B819C1C58D53600E9520F /* Picker.swift */ = {isa = PBXFileReference; fileEncoding = 4; lastKnownFileType = sourcecode.swift; name = Picker.swift; path = Picker/Picker.swift; sourceTree = "<group>"; };
		913B819F1C58D57200E9520F /* Picker.xib */ = {isa = PBXFileReference; fileEncoding = 4; lastKnownFileType = file.xib; name = Picker.xib; path = Picker/Picker.xib; sourceTree = "<group>"; };
		913B81A11C58D7C300E9520F /* ScrollerNumbers.swift */ = {isa = PBXFileReference; fileEncoding = 4; lastKnownFileType = sourcecode.swift; name = ScrollerNumbers.swift; path = Picker/ScrollerNumbers.swift; sourceTree = "<group>"; };
		915861761C5AB0E700EF57D4 /* DINCondensedBold.ttf */ = {isa = PBXFileReference; lastKnownFileType = file; path = DINCondensedBold.ttf; sourceTree = "<group>"; };
		91EB540C1C41D00B005861EB /* ScrollDatePicker.app */ = {isa = PBXFileReference; explicitFileType = wrapper.application; includeInIndex = 0; path = ScrollDatePicker.app; sourceTree = BUILT_PRODUCTS_DIR; };
		91EB540F1C41D00B005861EB /* AppDelegate.swift */ = {isa = PBXFileReference; lastKnownFileType = sourcecode.swift; path = AppDelegate.swift; sourceTree = "<group>"; };
		91EB54111C41D00B005861EB /* ViewController.swift */ = {isa = PBXFileReference; lastKnownFileType = sourcecode.swift; path = ViewController.swift; sourceTree = "<group>"; };
		91EB54141C41D00B005861EB /* Base */ = {isa = PBXFileReference; lastKnownFileType = file.storyboard; name = Base; path = Base.lproj/Main.storyboard; sourceTree = "<group>"; };
		91EB54161C41D00B005861EB /* Assets.xcassets */ = {isa = PBXFileReference; lastKnownFileType = folder.assetcatalog; path = Assets.xcassets; sourceTree = "<group>"; };
		91EB54191C41D00B005861EB /* Base */ = {isa = PBXFileReference; lastKnownFileType = file.storyboard; name = Base; path = Base.lproj/LaunchScreen.storyboard; sourceTree = "<group>"; };
		91EB541B1C41D00B005861EB /* Info.plist */ = {isa = PBXFileReference; lastKnownFileType = text.plist.xml; path = Info.plist; sourceTree = "<group>"; };
		91EB54211C41D0C5005861EB /* ScrollDatePicker.swift */ = {isa = PBXFileReference; fileEncoding = 4; lastKnownFileType = sourcecode.swift; path = ScrollDatePicker.swift; sourceTree = "<group>"; };
/* End PBXFileReference section */

/* Begin PBXFrameworksBuildPhase section */
		91EB54091C41D00B005861EB /* Frameworks */ = {
			isa = PBXFrameworksBuildPhase;
			buildActionMask = 2147483647;
			files = (
			);
			runOnlyForDeploymentPostprocessing = 0;
		};
/* End PBXFrameworksBuildPhase section */

/* Begin PBXGroup section */
		913B819E1C58D56000E9520F /* Picker */ = {
			isa = PBXGroup;
			children = (
				915861761C5AB0E700EF57D4 /* DINCondensedBold.ttf */,
				913B819C1C58D53600E9520F /* Picker.swift */,
				913B819F1C58D57200E9520F /* Picker.xib */,
				913B81A11C58D7C300E9520F /* ScrollerNumbers.swift */,
			);
			name = Picker;
			sourceTree = "<group>";
		};
		91EB54031C41D00B005861EB = {
			isa = PBXGroup;
			children = (
				91EB540E1C41D00B005861EB /* ScrollDatePicker */,
				91EB540D1C41D00B005861EB /* Products */,
			);
			sourceTree = "<group>";
		};
		91EB540D1C41D00B005861EB /* Products */ = {
			isa = PBXGroup;
			children = (
				91EB540C1C41D00B005861EB /* ScrollDatePicker.app */,
			);
			name = Products;
			sourceTree = "<group>";
		};
		91EB540E1C41D00B005861EB /* ScrollDatePicker */ = {
			isa = PBXGroup;
			children = (
				91EB540F1C41D00B005861EB /* AppDelegate.swift */,
				91EB54111C41D00B005861EB /* ViewController.swift */,
				91EB54131C41D00B005861EB /* Main.storyboard */,
				913B819E1C58D56000E9520F /* Picker */,
				91EB54211C41D0C5005861EB /* ScrollDatePicker.swift */,
				91EB54161C41D00B005861EB /* Assets.xcassets */,
				91EB54181C41D00B005861EB /* LaunchScreen.storyboard */,
				91EB541B1C41D00B005861EB /* Info.plist */,
			);
			path = ScrollDatePicker;
			sourceTree = "<group>";
		};
/* End PBXGroup section */

/* Begin PBXNativeTarget section */
		91EB540B1C41D00B005861EB /* ScrollDatePicker */ = {
			isa = PBXNativeTarget;
			buildConfigurationList = 91EB541E1C41D00B005861EB /* Build configuration list for PBXNativeTarget "ScrollDatePicker" */;
			buildPhases = (
				91EB54081C41D00B005861EB /* Sources */,
				91EB54091C41D00B005861EB /* Frameworks */,
				91EB540A1C41D00B005861EB /* Resources */,
			);
			buildRules = (
			);
			dependencies = (
			);
			name = ScrollDatePicker;
			productName = ScrollDatePicker;
			productReference = 91EB540C1C41D00B005861EB /* ScrollDatePicker.app */;
			productType = "com.apple.product-type.application";
		};
/* End PBXNativeTarget section */

/* Begin PBXProject section */
		91EB54041C41D00B005861EB /* Project object */ = {
			isa = PBXProject;
			attributes = {
				LastSwiftUpdateCheck = 0720;
				LastUpgradeCheck = 0720;
				ORGANIZATIONNAME = "Marco Pugliese";
				TargetAttributes = {
					91EB540B1C41D00B005861EB = {
						CreatedOnToolsVersion = 7.2;
					};
				};
			};
			buildConfigurationList = 91EB54071C41D00B005861EB /* Build configuration list for PBXProject "ScrollDatePicker" */;
			compatibilityVersion = "Xcode 3.2";
			developmentRegion = English;
			hasScannedForEncodings = 0;
			knownRegions = (
				en,
				Base,
			);
			mainGroup = 91EB54031C41D00B005861EB;
			productRefGroup = 91EB540D1C41D00B005861EB /* Products */;
			projectDirPath = "";
			projectRoot = "";
			targets = (
				91EB540B1C41D00B005861EB /* ScrollDatePicker */,
			);
		};
/* End PBXProject section */

/* Begin PBXResourcesBuildPhase section */
		91EB540A1C41D00B005861EB /* Resources */ = {
			isa = PBXResourcesBuildPhase;
			buildActionMask = 2147483647;
			files = (
				91EB541A1C41D00B005861EB /* LaunchScreen.storyboard in Resources */,
				913B81A01C58D57200E9520F /* Picker.xib in Resources */,
				91EB54171C41D00B005861EB /* Assets.xcassets in Resources */,
				91EB54151C41D00B005861EB /* Main.storyboard in Resources */,
			);
			runOnlyForDeploymentPostprocessing = 0;
		};
/* End PBXResourcesBuildPhase section */

/* Begin PBXSourcesBuildPhase section */
		91EB54081C41D00B005861EB /* Sources */ = {
			isa = PBXSourcesBuildPhase;
			buildActionMask = 2147483647;
			files = (
				91EB54121C41D00B005861EB /* ViewController.swift in Sources */,
				913B81A21C58D7C300E9520F /* ScrollerNumbers.swift in Sources */,
				913B819D1C58D53600E9520F /* Picker.swift in Sources */,
				91EB54221C41D0C5005861EB /* ScrollDatePicker.swift in Sources */,
				91EB54101C41D00B005861EB /* AppDelegate.swift in Sources */,
			);
			runOnlyForDeploymentPostprocessing = 0;
		};
/* End PBXSourcesBuildPhase section */

/* Begin PBXVariantGroup section */
		91EB54131C41D00B005861EB /* Main.storyboard */ = {
			isa = PBXVariantGroup;
			children = (
				91EB54141C41D00B005861EB /* Base */,
			);
			name = Main.storyboard;
			sourceTree = "<group>";
		};
		91EB54181C41D00B005861EB /* LaunchScreen.storyboard */ = {
			isa = PBXVariantGroup;
			children = (
				91EB54191C41D00B005861EB /* Base */,
			);
			name = LaunchScreen.storyboard;
			sourceTree = "<group>";
		};
/* End PBXVariantGroup section */

/* Begin XCBuildConfiguration section */
		91EB541C1C41D00B005861EB /* Debug */ = {
			isa = XCBuildConfiguration;
			buildSettings = {
				ALWAYS_SEARCH_USER_PATHS = NO;
				CLANG_CXX_LANGUAGE_STANDARD = "gnu++0x";
				CLANG_CXX_LIBRARY = "libc++";
				CLANG_ENABLE_MODULES = YES;
				CLANG_ENABLE_OBJC_ARC = YES;
				CLANG_WARN_BOOL_CONVERSION = YES;
				CLANG_WARN_CONSTANT_CONVERSION = YES;
				CLANG_WARN_DIRECT_OBJC_ISA_USAGE = YES_ERROR;
				CLANG_WARN_EMPTY_BODY = YES;
				CLANG_WARN_ENUM_CONVERSION = YES;
				CLANG_WARN_INT_CONVERSION = YES;
				CLANG_WARN_OBJC_ROOT_CLASS = YES_ERROR;
				CLANG_WARN_UNREACHABLE_CODE = YES;
				CLANG_WARN__DUPLICATE_METHOD_MATCH = YES;
				"CODE_SIGN_IDENTITY[sdk=iphoneos*]" = "iPhone Developer";
				COPY_PHASE_STRIP = NO;
				DEBUG_INFORMATION_FORMAT = dwarf;
				ENABLE_STRICT_OBJC_MSGSEND = YES;
				ENABLE_TESTABILITY = YES;
				GCC_C_LANGUAGE_STANDARD = gnu99;
				GCC_DYNAMIC_NO_PIC = NO;
				GCC_NO_COMMON_BLOCKS = YES;
				GCC_OPTIMIZATION_LEVEL = 0;
				GCC_PREPROCESSOR_DEFINITIONS = (
					"DEBUG=1",
					"$(inherited)",
				);
				GCC_WARN_64_TO_32_BIT_CONVERSION = YES;
				GCC_WARN_ABOUT_RETURN_TYPE = YES_ERROR;
				GCC_WARN_UNDECLARED_SELECTOR = YES;
				GCC_WARN_UNINITIALIZED_AUTOS = YES_AGGRESSIVE;
				GCC_WARN_UNUSED_FUNCTION = YES;
				GCC_WARN_UNUSED_VARIABLE = YES;
				IPHONEOS_DEPLOYMENT_TARGET = 9.2;
				MTL_ENABLE_DEBUG_INFO = YES;
				ONLY_ACTIVE_ARCH = YES;
				SDKROOT = iphoneos;
				SWIFT_OPTIMIZATION_LEVEL = "-Onone";
				TARGETED_DEVICE_FAMILY = "1,2";
			};
			name = Debug;
		};
		91EB541D1C41D00B005861EB /* Release */ = {
			isa = XCBuildConfiguration;
			buildSettings = {
				ALWAYS_SEARCH_USER_PATHS = NO;
				CLANG_CXX_LANGUAGE_STANDARD = "gnu++0x";
				CLANG_CXX_LIBRARY = "libc++";
				CLANG_ENABLE_MODULES = YES;
				CLANG_ENABLE_OBJC_ARC = YES;
				CLANG_WARN_BOOL_CONVERSION = YES;
				CLANG_WARN_CONSTANT_CONVERSION = YES;
				CLANG_WARN_DIRECT_OBJC_ISA_USAGE = YES_ERROR;
				CLANG_WARN_EMPTY_BODY = YES;
				CLANG_WARN_ENUM_CONVERSION = YES;
				CLANG_WARN_INT_CONVERSION = YES;
				CLANG_WARN_OBJC_ROOT_CLASS = YES_ERROR;
				CLANG_WARN_UNREACHABLE_CODE = YES;
				CLANG_WARN__DUPLICATE_METHOD_MATCH = YES;
				"CODE_SIGN_IDENTITY[sdk=iphoneos*]" = "iPhone Developer";
				COPY_PHASE_STRIP = NO;
				DEBUG_INFORMATION_FORMAT = "dwarf-with-dsym";
				ENABLE_NS_ASSERTIONS = NO;
				ENABLE_STRICT_OBJC_MSGSEND = YES;
				GCC_C_LANGUAGE_STANDARD = gnu99;
				GCC_NO_COMMON_BLOCKS = YES;
				GCC_WARN_64_TO_32_BIT_CONVERSION = YES;
				GCC_WARN_ABOUT_RETURN_TYPE = YES_ERROR;
				GCC_WARN_UNDECLARED_SELECTOR = YES;
				GCC_WARN_UNINITIALIZED_AUTOS = YES_AGGRESSIVE;
				GCC_WARN_UNUSED_FUNCTION = YES;
				GCC_WARN_UNUSED_VARIABLE = YES;
				IPHONEOS_DEPLOYMENT_TARGET = 9.2;
				MTL_ENABLE_DEBUG_INFO = NO;
				SDKROOT = iphoneos;
				TARGETED_DEVICE_FAMILY = "1,2";
				VALIDATE_PRODUCT = YES;
			};
			name = Release;
		};
		91EB541F1C41D00B005861EB /* Debug */ = {
			isa = XCBuildConfiguration;
			buildSettings = {
				ASSETCATALOG_COMPILER_APPICON_NAME = AppIcon;
				INFOPLIST_FILE = ScrollDatePicker/Info.plist;
				LD_RUNPATH_SEARCH_PATHS = "$(inherited) @executable_path/Frameworks";
				PRODUCT_BUNDLE_IDENTIFIER = com.pugia.ScrollDatePicker;
				PRODUCT_NAME = "$(TARGET_NAME)";
			};
			name = Debug;
		};
		91EB54201C41D00B005861EB /* Release */ = {
			isa = XCBuildConfiguration;
			buildSettings = {
				ASSETCATALOG_COMPILER_APPICON_NAME = AppIcon;
				INFOPLIST_FILE = ScrollDatePicker/Info.plist;
				LD_RUNPATH_SEARCH_PATHS = "$(inherited) @executable_path/Frameworks";
				PRODUCT_BUNDLE_IDENTIFIER = com.pugia.ScrollDatePicker;
				PRODUCT_NAME = "$(TARGET_NAME)";
			};
			name = Release;
		};
/* End XCBuildConfiguration section */

/* Begin XCConfigurationList section */
		91EB54071C41D00B005861EB /* Build configuration list for PBXProject "ScrollDatePicker" */ = {
			isa = XCConfigurationList;
			buildConfigurations = (
				91EB541C1C41D00B005861EB /* Debug */,
				91EB541D1C41D00B005861EB /* Release */,
			);
			defaultConfigurationIsVisible = 0;
			defaultConfigurationName = Release;
		};
		91EB541E1C41D00B005861EB /* Build configuration list for PBXNativeTarget "ScrollDatePicker" */ = {
			isa = XCConfigurationList;
			buildConfigurations = (
				91EB541F1C41D00B005861EB /* Debug */,
				91EB54201C41D00B005861EB /* Release */,
			);
			defaultConfigurationIsVisible = 0;
			defaultConfigurationName = Release;
		};
/* End XCConfigurationList section */
	};
	rootObject = 91EB54041C41D00B005861EB /* Project object */;
}
